
Microsoft Visual Studio Solution File, Format Version 12.00
# Visual Studio Version 16
VisualStudioVersion = 16.0.30204.135
MinimumVisualStudioVersion = 10.0.40219.1
Project("{FAE04EC0-301F-11D3-BF4B-00C04F79EFBC}") = "Hawser", "Hawser\Hawser.csproj", "{59EEF70D-0061-41CD-B502-B66C6EEFE1EC}"
EndProject
Global
	GlobalSection(SolutionConfigurationPlatforms) = preSolution
		Debug|Any CPU = Debug|Any CPU
		Release|Any CPU = Release|Any CPU
	EndGlobalSection
	GlobalSection(ProjectConfigurationPlatforms) = postSolution
		{59EEF70D-0061-41CD-B502-B66C6EEFE1EC}.Debug|Any CPU.ActiveCfg = Debug|Any CPU
		{59EEF70D-0061-41CD-B502-B66C6EEFE1EC}.Debug|Any CPU.Build.0 = Debug|Any CPU
		{59EEF70D-0061-41CD-B502-B66C6EEFE1EC}.Release|Any CPU.ActiveCfg = Release|Any CPU
		{59EEF70D-0061-41CD-B502-B66C6EEFE1EC}.Release|Any CPU.Build.0 = Release|Any CPU
	EndGlobalSection
	GlobalSection(SolutionProperties) = preSolution
		HideSolutionNode = FALSE
	EndGlobalSection
	GlobalSection(ExtensibilityGlobals) = postSolution
		SolutionGuid = {01A7AB81-8606-4721-9528-5BE32D708520}
	EndGlobalSection
EndGlobal
